{
  "name": "ms-user",
  "version": "0.0.1-SNAPSHOT",
  "lockfileVersion": 2,
  "requires": true,
  "packages": {
    "": {
      "name": "ms-user",
      "version": "0.0.1-SNAPSHOT",
      "license": "ISC",
      "dependencies": {
        "error": "^1.0.0",
        "logger": "^0.0.1"
      }
    },
    "node_modules/error": {
      "version": "1.0.3",
      "resolved": "https://registry.npmjs.org/error/-/error-1.0.3.tgz",
      "integrity": "sha1-8IMzFBKdcLClo/EWB+qqo3qdH6s="
    },
    "node_modules/logger": {
      "version": "0.0.1",
      "resolved": "https://registry.npmjs.org/logger/-/logger-0.0.1.tgz",
      "integrity": "sha1-ywgXH4pvb2dLhJna31C+1L77csQ=",
      "engines": {
        "node": ">=0.1.90"
      }
    }
  },
  "dependencies": {
    "error": {
      "version": "1.0.3",
      "resolved": "https://registry.npmjs.org/error/-/error-1.0.3.tgz",
      "integrity": "sha1-8IMzFBKdcLClo/EWB+qqo3qdH6s="
    },
    "logger": {
      "version": "0.0.1",
      "resolved": "https://registry.npmjs.org/logger/-/logger-0.0.1.tgz",
      "integrity": "sha1-ywgXH4pvb2dLhJna31C+1L77csQ="
    }
  }
}
