# THIS IS AN AUTOGENERATED FILE. DO NOT EDIT THIS FILE DIRECTLY.
# yarn lockfile v1


"error@^1.0.0":
  "integrity" "sha1-8IMzFBKdcLClo/EWB+qqo3qdH6s="
  "resolved" "https://registry.npmjs.org/error/-/error-1.0.3.tgz"
  "version" "1.0.3"

"logger@^0.0.1":
  "integrity" "sha1-ywgXH4pvb2dLhJna31C+1L77csQ="
  "resolved" "https://registry.npmjs.org/logger/-/logger-0.0.1.tgz"
  "version" "0.0.1"
